<Solution>
  <Project Path="Stewie.Domain/Stewie.Domain.csproj" />
  <Project Path="Stewie.Application/Stewie.Application.csproj" />
  <Project Path="Stewie.Infrastructure/Stewie.Infrastructure.csproj" />
  <Project Path="Stewie.Api/Stewie.Api.csproj" />
  <Project Path="Stewie.Web/Stewie.Web.csproj" />
  <Project Path="Stewie.Tests/Stewie.Tests.csproj" />
</Solution>
